
Microsoft Visual Studio Solution File, Format Version 12.00
# Visual Studio Version 17
VisualStudioVersion = 17.4.33122.133
MinimumVisualStudioVersion = 10.0.40219.1
Project("{FAE04EC0-301F-11D3-BF4B-00C04F79EFBC}") = "TelefonRehber", "TelefonRehber\TelefonRehber.csproj", "{B41A6E16-90EF-4A57-B4E5-170C54AF8887}"
EndProject
Global
	GlobalSection(SolutionConfigurationPlatforms) = preSolution
		Debug|Any CPU = Debug|Any CPU
		Release|Any CPU = Release|Any CPU
	EndGlobalSection
	GlobalSection(ProjectConfigurationPlatforms) = postSolution
		{B41A6E16-90EF-4A57-B4E5-170C54AF8887}.Debug|Any CPU.ActiveCfg = Debug|Any CPU
		{B41A6E16-90EF-4A57-B4E5-170C54AF8887}.Debug|Any CPU.Build.0 = Debug|Any CPU
		{B41A6E16-90EF-4A57-B4E5-170C54AF8887}.Release|Any CPU.ActiveCfg = Release|Any CPU
		{B41A6E16-90EF-4A57-B4E5-170C54AF8887}.Release|Any CPU.Build.0 = Release|Any CPU
	EndGlobalSection
	GlobalSection(SolutionProperties) = preSolution
		HideSolutionNode = FALSE
	EndGlobalSection
	GlobalSection(ExtensibilityGlobals) = postSolution
		SolutionGuid = {B5E4D28B-A9B9-491F-8EB2-37811543396B}
	EndGlobalSection
EndGlobal
